
Microsoft Visual Studio Solution File, Format Version 12.00
# Visual Studio Version 16
VisualStudioVersion = 16.0.29728.190
MinimumVisualStudioVersion = 10.0.40219.1
Project("{9A19103F-16F7-4668-BE54-9A1E7A4F7556}") = "DecoderEncoder", "DecoderEncoder\DecoderEncoder.csproj", "{B38801A5-7F49-47E4-9D54-1A1BE2CB327A}"
EndProject
Project("{FAE04EC0-301F-11D3-BF4B-00C04F79EFBC}") = "DecoderEncoderTest", "DecoderEncoderTest\DecoderEncoderTest.csproj", "{471A3B0D-F953-49D6-BD0A-A1B8E59B8726}"
EndProject
Global
	GlobalSection(SolutionConfigurationPlatforms) = preSolution
		Debug|Any CPU = Debug|Any CPU
		Release|Any CPU = Release|Any CPU
	EndGlobalSection
	GlobalSection(ProjectConfigurationPlatforms) = postSolution
		{B38801A5-7F49-47E4-9D54-1A1BE2CB327A}.Debug|Any CPU.ActiveCfg = Debug|Any CPU
		{B38801A5-7F49-47E4-9D54-1A1BE2CB327A}.Debug|Any CPU.Build.0 = Debug|Any CPU
		{B38801A5-7F49-47E4-9D54-1A1BE2CB327A}.Release|Any CPU.ActiveCfg = Release|Any CPU
		{B38801A5-7F49-47E4-9D54-1A1BE2CB327A}.Release|Any CPU.Build.0 = Release|Any CPU
		{471A3B0D-F953-49D6-BD0A-A1B8E59B8726}.Debug|Any CPU.ActiveCfg = Debug|Any CPU
		{471A3B0D-F953-49D6-BD0A-A1B8E59B8726}.Debug|Any CPU.Build.0 = Debug|Any CPU
		{471A3B0D-F953-49D6-BD0A-A1B8E59B8726}.Release|Any CPU.ActiveCfg = Release|Any CPU
		{471A3B0D-F953-49D6-BD0A-A1B8E59B8726}.Release|Any CPU.Build.0 = Release|Any CPU
	EndGlobalSection
	GlobalSection(SolutionProperties) = preSolution
		HideSolutionNode = FALSE
	EndGlobalSection
	GlobalSection(ExtensibilityGlobals) = postSolution
		SolutionGuid = {FD78CEC1-8796-4950-B352-EF6405F15646}
	EndGlobalSection
EndGlobal
